// !$*UTF8*$!
{
	archiveVersion = 1;
	classes = {
	};
	objectVersion = 46;
	objects = {

/* Begin PBXBuildFile section */
		43E1C5C614D08F120082C295 /* UIKit.framework in Frameworks */ = {isa = PBXBuildFile; fileRef = 43E1C5C514D08F120082C295 /* UIKit.framework */; };
		43E1C5C814D08F120082C295 /* Foundation.framework in Frameworks */ = {isa = PBXBuildFile; fileRef = 43E1C5C714D08F120082C295 /* Foundation.framework */; };
		43E1C5CA14D08F120082C295 /* CoreGraphics.framework in Frameworks */ = {isa = PBXBuildFile; fileRef = 43E1C5C914D08F120082C295 /* CoreGraphics.framework */; };
		43E1C5D014D08F120082C295 /* InfoPlist.strings in Resources */ = {isa = PBXBuildFile; fileRef = 43E1C5CE14D08F120082C295 /* InfoPlist.strings */; };
		43E1C5D214D08F120082C295 /* main.m in Sources */ = {isa = PBXBuildFile; fileRef = 43E1C5D114D08F120082C295 /* main.m */; };
		43E1C5D614D08F120082C295 /* AppDelegate.m in Sources */ = {isa = PBXBuildFile; fileRef = 43E1C5D514D08F120082C295 /* AppDelegate.m */; };
		43E1C5D914D08F120082C295 /* ViewController.m in Sources */ = {isa = PBXBuildFile; fileRef = 43E1C5D814D08F120082C295 /* ViewController.m */; };
		43E1C5DC14D08F120082C295 /* ViewController.xib in Resources */ = {isa = PBXBuildFile; fileRef = 43E1C5DA14D08F120082C295 /* ViewController.xib */; };
/* End PBXBuildFile section */

/* Begin PBXFileReference section */
		43E1C5C114D08F120082C295 /* AirHockey.app */ = {isa = PBXFileReference; explicitFileType = wrapper.application; includeInIndex = 0; path = AirHockey.app; sourceTree = BUILT_PRODUCTS_DIR; };
		43E1C5C514D08F120082C295 /* UIKit.framework */ = {isa = PBXFileReference; lastKnownFileType = wrapper.framework; name = UIKit.framework; path = System/Library/Frameworks/UIKit.framework; sourceTree = SDKROOT; };
		43E1C5C714D08F120082C295 /* Foundation.framework */ = {isa = PBXFileReference; lastKnownFileType = wrapper.framework; name = Foundation.framework; path = System/Library/Frameworks/Foundation.framework; sourceTree = SDKROOT; };
		43E1C5C914D08F120082C295 /* CoreGraphics.framework */ = {isa = PBXFileReference; lastKnownFileType = wrapper.framework; name = CoreGraphics.framework; path = System/Library/Frameworks/CoreGraphics.framework; sourceTree = SDKROOT; };
		43E1C5CD14D08F120082C295 /* AirHockey-Info.plist */ = {isa = PBXFileReference; lastKnownFileType = text.plist.xml; path = "AirHockey-Info.plist"; sourceTree = "<group>"; };
		43E1C5CF14D08F120082C295 /* en */ = {isa = PBXFileReference; lastKnownFileType = text.plist.strings; name = en; path = en.lproj/InfoPlist.strings; sourceTree = "<group>"; };
		43E1C5D114D08F120082C295 /* main.m */ = {isa = PBXFileReference; lastKnownFileType = sourcecode.c.objc; path = main.m; sourceTree = "<group>"; };
		43E1C5D314D08F120082C295 /* AirHockey-Prefix.pch */ = {isa = PBXFileReference; lastKnownFileType = sourcecode.c.h; path = "AirHockey-Prefix.pch"; sourceTree = "<group>"; };
		43E1C5D414D08F120082C295 /* AppDelegate.h */ = {isa = PBXFileReference; lastKnownFileType = sourcecode.c.h; path = AppDelegate.h; sourceTree = "<group>"; };
		43E1C5D514D08F120082C295 /* AppDelegate.m */ = {isa = PBXFileReference; lastKnownFileType = sourcecode.c.objc; path = AppDelegate.m; sourceTree = "<group>"; };
		43E1C5D714D08F120082C295 /* ViewController.h */ = {isa = PBXFileReference; lastKnownFileType = sourcecode.c.h; path = ViewController.h; sourceTree = "<group>"; };
		43E1C5D814D08F120082C295 /* ViewController.m */ = {isa = PBXFileReference; lastKnownFileType = sourcecode.c.objc; path = ViewController.m; sourceTree = "<group>"; };
		43E1C5DB14D08F120082C295 /* en */ = {isa = PBXFileReference; lastKnownFileType = file.xib; name = en; path = en.lproj/ViewController.xib; sourceTree = "<group>"; };
/* End PBXFileReference section */

/* Begin PBXFrameworksBuildPhase section */
		43E1C5BE14D08F120082C295 /* Frameworks */ = {
			isa = PBXFrameworksBuildPhase;
			buildActionMask = 2147483647;
			files = (
				43E1C5C614D08F120082C295 /* UIKit.framework in Frameworks */,
				43E1C5C814D08F120082C295 /* Foundation.framework in Frameworks */,
				43E1C5CA14D08F120082C295 /* CoreGraphics.framework in Frameworks */,
			);
			runOnlyForDeploymentPostprocessing = 0;
		};
/* End PBXFrameworksBuildPhase section */

/* Begin PBXGroup section */
		43E1C5B614D08F120082C295 = {
			isa = PBXGroup;
			children = (
				43E1C5CB14D08F120082C295 /* AirHockey */,
				43E1C5C414D08F120082C295 /* Frameworks */,
				43E1C5C214D08F120082C295 /* Products */,
			);
			sourceTree = "<group>";
		};
		43E1C5C214D08F120082C295 /* Products */ = {
			isa = PBXGroup;
			children = (
				43E1C5C114D08F120082C295 /* AirHockey.app */,
			);
			name = Products;
			sourceTree = "<group>";
		};
		43E1C5C414D08F120082C295 /* Frameworks */ = {
			isa = PBXGroup;
			children = (
				43E1C5C514D08F120082C295 /* UIKit.framework */,
				43E1C5C714D08F120082C295 /* Foundation.framework */,
				43E1C5C914D08F120082C295 /* CoreGraphics.framework */,
			);
			name = Frameworks;
			sourceTree = "<group>";
		};
		43E1C5CB14D08F120082C295 /* AirHockey */ = {
			isa = PBXGroup;
			children = (
				43E1C5D414D08F120082C295 /* AppDelegate.h */,
				43E1C5D514D08F120082C295 /* AppDelegate.m */,
				43E1C5D714D08F120082C295 /* ViewController.h */,
				43E1C5D814D08F120082C295 /* ViewController.m */,
				43E1C5DA14D08F120082C295 /* ViewController.xib */,
				43E1C5CC14D08F120082C295 /* Supporting Files */,
			);
			path = AirHockey;
			sourceTree = "<group>";
		};
		43E1C5CC14D08F120082C295 /* Supporting Files */ = {
			isa = PBXGroup;
			children = (
				43E1C5CD14D08F120082C295 /* AirHockey-Info.plist */,
				43E1C5CE14D08F120082C295 /* InfoPlist.strings */,
				43E1C5D114D08F120082C295 /* main.m */,
				43E1C5D314D08F120082C295 /* AirHockey-Prefix.pch */,
			);
			name = "Supporting Files";
			sourceTree = "<group>";
		};
/* End PBXGroup section */

/* Begin PBXNativeTarget section */
		43E1C5C014D08F120082C295 /* AirHockey */ = {
			isa = PBXNativeTarget;
			buildConfigurationList = 43E1C5DF14D08F120082C295 /* Build configuration list for PBXNativeTarget "AirHockey" */;
			buildPhases = (
				43E1C5BD14D08F120082C295 /* Sources */,
				43E1C5BE14D08F120082C295 /* Frameworks */,
				43E1C5BF14D08F120082C295 /* Resources */,
			);
			buildRules = (
			);
			dependencies = (
			);
			name = AirHockey;
			productName = AirHockey;
			productReference = 43E1C5C114D08F120082C295 /* AirHockey.app */;
			productType = "com.apple.product-type.application";
		};
/* End PBXNativeTarget section */

/* Begin PBXProject section */
		43E1C5B814D08F120082C295 /* Project object */ = {
			isa = PBXProject;
			attributes = {
				LastUpgradeCheck = 0420;
			};
			buildConfigurationList = 43E1C5BB14D08F120082C295 /* Build configuration list for PBXProject "AirHockey" */;
			compatibilityVersion = "Xcode 3.2";
			developmentRegion = English;
			hasScannedForEncodings = 0;
			knownRegions = (
				en,
			);
			mainGroup = 43E1C5B614D08F120082C295;
			productRefGroup = 43E1C5C214D08F120082C295 /* Products */;
			projectDirPath = "";
			projectRoot = "";
			targets = (
				43E1C5C014D08F120082C295 /* AirHockey */,
			);
		};
/* End PBXProject section */

/* Begin PBXResourcesBuildPhase section */
		43E1C5BF14D08F120082C295 /* Resources */ = {
			isa = PBXResourcesBuildPhase;
			buildActionMask = 2147483647;
			files = (
				43E1C5D014D08F120082C295 /* InfoPlist.strings in Resources */,
				43E1C5DC14D08F120082C295 /* ViewController.xib in Resources */,
			);
			runOnlyForDeploymentPostprocessing = 0;
		};
/* End PBXResourcesBuildPhase section */

/* Begin PBXSourcesBuildPhase section */
		43E1C5BD14D08F120082C295 /* Sources */ = {
			isa = PBXSourcesBuildPhase;
			buildActionMask = 2147483647;
			files = (
				43E1C5D214D08F120082C295 /* main.m in Sources */,
				43E1C5D614D08F120082C295 /* AppDelegate.m in Sources */,
				43E1C5D914D08F120082C295 /* ViewController.m in Sources */,
			);
			runOnlyForDeploymentPostprocessing = 0;
		};
/* End PBXSourcesBuildPhase section */

/* Begin PBXVariantGroup section */
		43E1C5CE14D08F120082C295 /* InfoPlist.strings */ = {
			isa = PBXVariantGroup;
			children = (
				43E1C5CF14D08F120082C295 /* en */,
			);
			name = InfoPlist.strings;
			sourceTree = "<group>";
		};
		43E1C5DA14D08F120082C295 /* ViewController.xib */ = {
			isa = PBXVariantGroup;
			children = (
				43E1C5DB14D08F120082C295 /* en */,
			);
			name = ViewController.xib;
			sourceTree = "<group>";
		};
/* End PBXVariantGroup section */

/* Begin XCBuildConfiguration section */
		43E1C5DD14D08F120082C295 /* Debug */ = {
			isa = XCBuildConfiguration;
			buildSettings = {
				ALWAYS_SEARCH_USER_PATHS = NO;
				ARCHS = "$(ARCHS_STANDARD_32_BIT)";
				"CODE_SIGN_IDENTITY[sdk=iphoneos*]" = "iPhone Developer";
				COPY_PHASE_STRIP = NO;
				GCC_C_LANGUAGE_STANDARD = gnu99;
				GCC_DYNAMIC_NO_PIC = NO;
				GCC_OPTIMIZATION_LEVEL = 0;
				GCC_PREPROCESSOR_DEFINITIONS = (
					"DEBUG=1",
					"$(inherited)",
				);
				GCC_SYMBOLS_PRIVATE_EXTERN = NO;
				GCC_VERSION = com.apple.compilers.llvm.clang.1_0;
				GCC_WARN_ABOUT_MISSING_PROTOTYPES = YES;
				GCC_WARN_ABOUT_RETURN_TYPE = YES;
				GCC_WARN_UNUSED_VARIABLE = YES;
				IPHONEOS_DEPLOYMENT_TARGET = 5.0;
				SDKROOT = iphoneos;
				TARGETED_DEVICE_FAMILY = 2;
			};
			name = Debug;
		};
		43E1C5DE14D08F120082C295 /* Release */ = {
			isa = XCBuildConfiguration;
			buildSettings = {
				ALWAYS_SEARCH_USER_PATHS = NO;
				ARCHS = "$(ARCHS_STANDARD_32_BIT)";
				"CODE_SIGN_IDENTITY[sdk=iphoneos*]" = "iPhone Developer";
				COPY_PHASE_STRIP = YES;
				GCC_C_LANGUAGE_STANDARD = gnu99;
				GCC_VERSION = com.apple.compilers.llvm.clang.1_0;
				GCC_WARN_ABOUT_MISSING_PROTOTYPES = YES;
				GCC_WARN_ABOUT_RETURN_TYPE = YES;
				GCC_WARN_UNUSED_VARIABLE = YES;
				IPHONEOS_DEPLOYMENT_TARGET = 5.0;
				OTHER_CFLAGS = "-DNS_BLOCK_ASSERTIONS=1";
				SDKROOT = iphoneos;
				TARGETED_DEVICE_FAMILY = 2;
				VALIDATE_PRODUCT = YES;
			};
			name = Release;
		};
		43E1C5E014D08F120082C295 /* Debug */ = {
			isa = XCBuildConfiguration;
			buildSettings = {
				GCC_PRECOMPILE_PREFIX_HEADER = YES;
				GCC_PREFIX_HEADER = "AirHockey/AirHockey-Prefix.pch";
				INFOPLIST_FILE = "AirHockey/AirHockey-Info.plist";
				PRODUCT_NAME = "$(TARGET_NAME)";
				WRAPPER_EXTENSION = app;
			};
			name = Debug;
		};
		43E1C5E114D08F120082C295 /* Release */ = {
			isa = XCBuildConfiguration;
			buildSettings = {
				GCC_PRECOMPILE_PREFIX_HEADER = YES;
				GCC_PREFIX_HEADER = "AirHockey/AirHockey-Prefix.pch";
				INFOPLIST_FILE = "AirHockey/AirHockey-Info.plist";
				PRODUCT_NAME = "$(TARGET_NAME)";
				WRAPPER_EXTENSION = app;
			};
			name = Release;
		};
/* End XCBuildConfiguration section */

/* Begin XCConfigurationList section */
		43E1C5BB14D08F120082C295 /* Build configuration list for PBXProject "AirHockey" */ = {
			isa = XCConfigurationList;
			buildConfigurations = (
				43E1C5DD14D08F120082C295 /* Debug */,
				43E1C5DE14D08F120082C295 /* Release */,
			);
			defaultConfigurationIsVisible = 0;
			defaultConfigurationName = Release;
		};
		43E1C5DF14D08F120082C295 /* Build configuration list for PBXNativeTarget "AirHockey" */ = {
			isa = XCConfigurationList;
			buildConfigurations = (
				43E1C5E014D08F120082C295 /* Debug */,
				43E1C5E114D08F120082C295 /* Release */,
			);
			defaultConfigurationIsVisible = 0;
			defaultConfigurationName = Release;
		};
/* End XCConfigurationList section */
	};
	rootObject = 43E1C5B814D08F120082C295 /* Project object */;
}
